// !$*UTF8*$!
{
	archiveVersion = 1;
	classes = {
	};
	objectVersion = 77;
	objects = {

/* Begin PBXBuildFile section */
		69BE493F2E43439C000692EA /* PythonKit in Frameworks */ = {isa = PBXBuildFile; productRef = 69BE493E2E43439C000692EA /* PythonKit */; };
		69BE49672E434BF1000692EA /* en_core_web_sm in Resources */ = {isa = PBXBuildFile; fileRef = 69BE49662E434BF1000692EA /* en_core_web_sm */; };
		69E916DE2E480A0300EC1659 /* distilbert-sst2 in Resources */ = {isa = PBXBuildFile; fileRef = 69E916DD2E480A0200EC1659 /* distilbert-sst2 */; };
		69E916E02E480A1900EC1659 /* twitter-roberta-base-sentiment in Resources */ = {isa = PBXBuildFile; fileRef = 69E916DF2E480A1900EC1659 /* twitter-roberta-base-sentiment */; };
		69EC423A2E4CA67B00064702 /* python310_embed in Resources */ = {isa = PBXBuildFile; fileRef = 69EC42392E4CA67300064702 /* python310_embed */; };
/* End PBXBuildFile section */

/* Begin PBXFileReference section */
		698E0E742E500F3300FA073C /* PolarityLab.xcodeproj */ = {isa = PBXFileReference; lastKnownFileType = "wrapper.pb-project"; path = PolarityLab.xcodeproj; sourceTree = "<group>"; };
		69B0B5552E41119D00B2DCB9 /* sentiment */ = {isa = PBXFileReference; lastKnownFileType = folder; name = sentiment; path = PolarityLab/Resources/nltk_data/sentiment; sourceTree = "<group>"; };
		69BE38822E4342A5000692EA /* PolarityLab.app */ = {isa = PBXFileReference; explicitFileType = wrapper.application; includeInIndex = 0; path = PolarityLab.app; sourceTree = BUILT_PRODUCTS_DIR; };
		69BE49662E434BF1000692EA /* en_core_web_sm */ = {isa = PBXFileReference; lastKnownFileType = folder; name = en_core_web_sm; path = PolarityLab/Resources/en_core_web_sm; sourceTree = "<group>"; };
		69BE497B2E43B8EE000692EA /* Info.plist */ = {isa = PBXFileReference; lastKnownFileType = text.plist; path = Info.plist; sourceTree = "<group>"; };
		69E916DD2E480A0200EC1659 /* distilbert-sst2 */ = {isa = PBXFileReference; lastKnownFileType = folder; name = "distilbert-sst2"; path = "PolarityLab/Resources/distilbert-sst2"; sourceTree = "<group>"; };
		69E916DF2E480A1900EC1659 /* twitter-roberta-base-sentiment */ = {isa = PBXFileReference; lastKnownFileType = folder; name = "twitter-roberta-base-sentiment"; path = "PolarityLab/Resources/twitter-roberta-base-sentiment"; sourceTree = "<group>"; };
		69EC42392E4CA67300064702 /* python310_embed */ = {isa = PBXFileReference; lastKnownFileType = folder; name = python310_embed; path = PolarityLab/Resources/python310_embed; sourceTree = "<group>"; };
		69EC423E2E4CE2F600064702 /* inherit.entitlements */ = {isa = PBXFileReference; lastKnownFileType = text.plist.entitlements; path = inherit.entitlements; sourceTree = "<group>"; };
		69F9238F2E53818F0056235C /* app.entitlements */ = {isa = PBXFileReference; lastKnownFileType = text.plist.entitlements; path = app.entitlements; sourceTree = "<group>"; };
/* End PBXFileReference section */

/* Begin PBXFileSystemSynchronizedBuildFileExceptionSet section */
		69BE495B2E434A6D000692EA /* Exceptions for "PolarityLab" folder in "PolarityLab" target */ = {
			isa = PBXFileSystemSynchronizedBuildFileExceptionSet;
			membershipExceptions = (
				AnalysisResultsView.swift,
				"AnalysisResultsView+Chart.swift",
				"AnalysisResultsView+Derived.swift",
				"AnalysisResultsView+Exports.swift",
				"AnalysisResultsView+Layout.swift",
				"AnalysisResultsView+Scanning.swift",
				"AnalysisResultsView+Timeline.swift",
				AnalysisUIConstants.swift,
				AnalyzingView.swift,
				Assets.xcassets,
				"Components-cards.swift",
				"Components-chips.swift",
				"components-controls.swift",
				"Components-termscorecountable.swift",
				ConversionPreviewSheet.swift,
				CSVBookmarkStore.swift,
				CSVFolderAccess.swift,
				CSVPreviewView.swift,
				CSVUtils.swift,
				CustomTemplatesView.swift,
				EmptyStateView.swift,
				FileDocuments.swift,
				LexiconView.swift,
				Logging.swift,
				MainView.swift,
				Models.swift,
				PolarityLabApp.swift,
				PythonBridge.swift,
				Resources/nltk_data/sentiment/emoji_utf8_lexicon.txt,
				Resources/nltk_data/sentiment/vader_lexicon.txt,
				Resources/polarity_driver.py,
				Resources/polarity_sentiment.py,
				SentimentAnalysisView.swift,
				SentimentModel.swift,
				SentimentRuntime.swift,
				SettingsView.swift,
				SimpleCSV.swift,
				SimpleGrid.swift,
				SynopsisPDFWriter.swift,
				TableCard.swift,
				TemplateEditor.swift,
				TemplateModels.swift,
				Utils.swift,
			);
			target = 69BE38812E4342A4000692EA /* PolarityLab */;
		};
/* End PBXFileSystemSynchronizedBuildFileExceptionSet section */

/* Begin PBXFileSystemSynchronizedRootGroup section */
		69B026B12E406D2800B2DCB9 /* PolarityLab */ = {
			isa = PBXFileSystemSynchronizedRootGroup;
			exceptions = (
				69BE495B2E434A6D000692EA /* Exceptions for "PolarityLab" folder in "PolarityLab" target */,
			);
			path = PolarityLab;
			sourceTree = "<group>";
		};
/* End PBXFileSystemSynchronizedRootGroup section */

/* Begin PBXFrameworksBuildPhase section */
		69BE387F2E4342A4000692EA /* Frameworks */ = {
			isa = PBXFrameworksBuildPhase;
			buildActionMask = 2147483647;
			files = (
				69BE493F2E43439C000692EA /* PythonKit in Frameworks */,
			);
			runOnlyForDeploymentPostprocessing = 0;
		};
/* End PBXFrameworksBuildPhase section */

/* Begin PBXGroup section */
		698E0E752E500F3300FA073C /* Products */ = {
			isa = PBXGroup;
			name = Products;
			sourceTree = "<group>";
		};
		69B026A62E406D2800B2DCB9 = {
			isa = PBXGroup;
			children = (
				698E0E742E500F3300FA073C /* PolarityLab.xcodeproj */,
				69EC42392E4CA67300064702 /* python310_embed */,
				69E916DF2E480A1900EC1659 /* twitter-roberta-base-sentiment */,
				69E916DD2E480A0200EC1659 /* distilbert-sst2 */,
				69BE49662E434BF1000692EA /* en_core_web_sm */,
				69B0B5552E41119D00B2DCB9 /* sentiment */,
				69B026B12E406D2800B2DCB9 /* PolarityLab */,
				69B026E52E40743800B2DCB9 /* Frameworks */,
				69B026B02E406D2800B2DCB9 /* Products */,
				69BE497B2E43B8EE000692EA /* Info.plist */,
				69EC423E2E4CE2F600064702 /* inherit.entitlements */,
				69F9238F2E53818F0056235C /* app.entitlements */,
			);
			sourceTree = "<group>";
		};
		69B026B02E406D2800B2DCB9 /* Products */ = {
			isa = PBXGroup;
			children = (
				69BE38822E4342A5000692EA /* PolarityLab.app */,
			);
			name = Products;
			sourceTree = "<group>";
		};
		69B026E52E40743800B2DCB9 /* Frameworks */ = {
			isa = PBXGroup;
			children = (
			);
			name = Frameworks;
			sourceTree = "<group>";
		};
/* End PBXGroup section */

/* Begin PBXNativeTarget section */
		69BE38812E4342A4000692EA /* PolarityLab */ = {
			isa = PBXNativeTarget;
			buildConfigurationList = 69BE38A12E4342A9000692EA /* Build configuration list for PBXNativeTarget "PolarityLab" */;
			buildPhases = (
				69BE387E2E4342A4000692EA /* Sources */,
				69BE387F2E4342A4000692EA /* Frameworks */,
				69BE38802E4342A4000692EA /* Resources */,
				69EC423C2E4CDF0200064702 /* ShellScript */,
			);
			buildRules = (
			);
			dependencies = (
			);
			name = PolarityLab;
			packageProductDependencies = (
				69BE493E2E43439C000692EA /* PythonKit */,
			);
			productName = PolarityLab;
			productReference = 69BE38822E4342A5000692EA /* PolarityLab.app */;
			productType = "com.apple.product-type.application";
		};
/* End PBXNativeTarget section */

/* Begin PBXProject section */
		69B026A72E406D2800B2DCB9 /* Project object */ = {
			isa = PBXProject;
			attributes = {
				BuildIndependentTargetsInParallel = 1;
				LastSwiftUpdateCheck = 1640;
				LastUpgradeCheck = 1640;
				TargetAttributes = {
					69BE38812E4342A4000692EA = {
						CreatedOnToolsVersion = 16.4;
					};
				};
			};
			buildConfigurationList = 69B026AA2E406D2800B2DCB9 /* Build configuration list for PBXProject "PolarityLab" */;
			developmentRegion = en;
			hasScannedForEncodings = 0;
			knownRegions = (
				en,
				Base,
			);
			mainGroup = 69B026A62E406D2800B2DCB9;
			minimizedProjectReferenceProxies = 1;
			packageReferences = (
				693B71B52E432C3800AEC674 /* XCRemoteSwiftPackageReference "PythonKit" */,
			);
			preferredProjectObjectVersion = 77;
			productRefGroup = 69B026B02E406D2800B2DCB9 /* Products */;
			projectDirPath = "";
			projectReferences = (
				{
					ProductGroup = 698E0E752E500F3300FA073C /* Products */;
					ProjectRef = 698E0E742E500F3300FA073C /* PolarityLab.xcodeproj */;
				},
			);
			projectRoot = "";
			targets = (
				69BE38812E4342A4000692EA /* PolarityLab */,
			);
		};
/* End PBXProject section */

/* Begin PBXResourcesBuildPhase section */
		69BE38802E4342A4000692EA /* Resources */ = {
			isa = PBXResourcesBuildPhase;
			buildActionMask = 2147483647;
			files = (
				69EC423A2E4CA67B00064702 /* python310_embed in Resources */,
				69E916E02E480A1900EC1659 /* twitter-roberta-base-sentiment in Resources */,
				69E916DE2E480A0300EC1659 /* distilbert-sst2 in Resources */,
				69BE49672E434BF1000692EA /* en_core_web_sm in Resources */,
			);
			runOnlyForDeploymentPostprocessing = 0;
		};
/* End PBXResourcesBuildPhase section */

/* Begin PBXShellScriptBuildPhase section */
		69EC423C2E4CDF0200064702 /* ShellScript */ = {
			isa = PBXShellScriptBuildPhase;
			alwaysOutOfDate = 1;
			buildActionMask = 2147483647;
			files = (
			);
			inputFileListPaths = (
			);
			inputPaths = (
			);
			outputFileListPaths = (
			);
			outputPaths = (
			);
			runOnlyForDeploymentPostprocessing = 0;
			shellPath = /bin/sh;
			shellScript = "#!/bin/bash\n# Skip when signing is disabled\n[ \"${CODE_SIGNING_ALLOWED:-YES}\" = \"NO\" ] && { echo \"[sign] skip: CODE_SIGNING_ALLOWED=NO\"; exit 0; }\n[ \"${RUN_SIGN_SCRIPT:-1}\" = \"0\" ] && { echo \"[sign] skip: RUN_SIGN_SCRIPT=0\"; exit 0; }\n\nset -euxo pipefail\n\nAPP=\"${TARGET_BUILD_DIR}/${WRAPPER_NAME}\"\nRES=\"${APP}/Contents/Resources\"\nEMBED=\"${RES}/python310_embed\"\nSITE=\"${RES}/site-packages\"\nBIN=\"${EMBED}/python-install/bin/python3.10\"\nLIB=\"${EMBED}/python-install/lib/libpython3.10.dylib\"\n\n# App entitlements come from build setting; fallback is optional\nENT_APP=\"${CODE_SIGN_ENTITLEMENTS:-${SRCROOT}/App.entitlements}\"\nENT_INH=\"${SRCROOT}/inherit.entitlements\"\nID=\"${EXPANDED_CODE_SIGN_IDENTITY:-}\"\nCONFIG=\"${CONFIGURATION:-Debug}\"\n\n[[ -d \"$APP\" ]]     || { echo \"[sign] no app bundle; skipping\"; exit 0; }\n[[ -f \"$ENT_APP\" ]] || { echo \"[sign] missing app entitlements: $ENT_APP\"; exit 1; }\n[[ -f \"$ENT_INH\" ]] || { echo \"[sign] missing inherit entitlements: $ENT_INH\"; exit 1; }\n\n# Allow ad-hoc in Debug if no identity; require identity in Release\nif [[ -z \"$ID\" ]]; then\n  if [[ \"$CONFIG\" == \"Release\" ]]; then\n    echo \"[sign] no codesign identity for Release\"; exit 1\n  else\n    ID=\"-\"  # ad-hoc for Debug\n  fi\nfi\necho \"[sign] identity: $ID\"\nTS=\"--timestamp=none\"\n[[ \"$CONFIG\" == \"Release\" ]] && TS=\"\"\n\nsign_raw() { /usr/bin/codesign --force --sign \"$ID\" --options runtime $TS \"$1\"; }\nsign_inh() { /usr/bin/codesign --force --sign \"$ID\" --options runtime --entitlements \"$ENT_INH\" $TS \"$1\"; }\n\necho \"[sign] fix loader paths (embedded Python)\"\nif [[ -x \"$BIN\" ]]; then\n  CUR=\"$(/usr/bin/otool -L \"$BIN\" 2>/dev/null | awk '/libpython3\\.10\\.dylib/ {print $1; exit}')\"\n  if [[ -n \"${CUR:-}\" && \"$CUR\" != \"@loader_path/../lib/libpython3.10.dylib\" ]]; then\n    /usr/bin/install_name_tool -change \"$CUR\" \"@loader_path/../lib/libpython3.10.dylib\" \"$BIN\" || true\n  fi\nfi\n[[ -f \"$LIB\" ]] && /usr/bin/install_name_tool -id \"@loader_path/libpython3.10.dylib\" \"$LIB\" || true\n\necho \"[sign] clear quarantine (embedded Python and site-packages)\"\n/usr/bin/xattr -dr com.apple.quarantine \"$EMBED\" 2>/dev/null || true\n/usr/bin/xattr -dr com.apple.quarantine \"$SITE\"  2>/dev/null || true\n\necho \"[sign] prune stray cp313 wheels (safety)\"\n/usr/bin/find \"$RES\" -type f -name '*cpython-313*.so' -delete || true\n\necho \"[sign] sign .so/.dylib anywhere under Resources (no entitlements)\"\nif [[ -d \"$RES\" ]]; then\n  /usr/bin/find \"$RES\" -type f \\( -name '*.so' -o -name '*.dylib' \\) -print0 | \\\n  while IFS= read -r -d '' f; do\n    # skip symlinks and non-Mach-O files\n    [[ -L \"$f\" ]] && continue\n    if /usr/bin/file \"$f\" | /usr/bin/grep -q \"Mach-O\"; then\n      sign_raw \"$f\" || true\n    fi\n  done\nfi\n\necho \"[sign] sign Mach-O executables under Resources (inherit entitlements)\"\nif [[ -d \"$RES\" ]]; then\n  /usr/bin/find \"$RES\" -type f -perm -111 -print0 | \\\n  while IFS= read -r -d '' f; do\n    [[ -L \"$f\" ]] && continue\n    if /usr/bin/file \"$f\" | /usr/bin/grep -q \"Mach-O .* executable\"; then\n      # Skip interpreter here; handled explicitly below\n      if [[ \"$f\" != \"$BIN\" ]]; then sign_inh \"$f\" || true; fi\n    fi\n  done\nfi\n\necho \"[sign] explicit embedded Python\"\n/usr/bin/true\nif [[ \"$CONFIG\" == \"Debug\" ]]; then\n  [[ -x \"$BIN\" ]] && /usr/bin/codesign --force --sign - --timestamp=none \"$BIN\" || true\nelse\n  [[ -x \"$BIN\" ]] && sign_inh \"$BIN\" || true\nfi\n[[ -f \"$LIB\" ]] && sign_raw \"$LIB\" || true\n\necho \"[sign] sign dylibs under Contents/MacOS (e.g. __preview.dylib)\"\nif [[ -d \"$APP/Contents/MacOS\" ]]; then\n  /usr/bin/find \"$APP/Contents/MacOS\" -type f -name '*.dylib' -print0 | \\\n  while IFS= read -r -d '' f; do\n    [[ -L \"$f\" ]] && continue\n    if /usr/bin/file \"$f\" | /usr/bin/grep -q \"Mach-O\"; then\n      sign_raw \"$f\" || true\n    fi\n  done\nfi\n\necho \"[sign] re-sign app with app entitlements\"\n/usr/bin/codesign --force --sign \"$ID\" --options runtime --entitlements \"$ENT_APP\" $TS \"$APP\"\n\necho \"[sign] verify natives under Resources\"\n/usr/bin/find \"$RES\" -type f \\( -name '*.so' -o -name '*.dylib' \\) -print0 | \\\n/usr/bin/xargs -0 /usr/bin/codesign -vv --strict\n\necho \"[sign] verify deep\"\n/usr/bin/codesign --verify --deep --strict --verbose=4 \"$APP\"\n\necho \"[sign] done\"\n";
			showEnvVarsInLog = 0;
		};
/* End PBXShellScriptBuildPhase section */

/* Begin PBXSourcesBuildPhase section */
		69BE387E2E4342A4000692EA /* Sources */ = {
			isa = PBXSourcesBuildPhase;
			buildActionMask = 2147483647;
			files = (
			);
			runOnlyForDeploymentPostprocessing = 0;
		};
/* End PBXSourcesBuildPhase section */

/* Begin XCBuildConfiguration section */
		69B026CF2E406D3700B2DCB9 /* Debug */ = {
			isa = XCBuildConfiguration;
			buildSettings = {
				ALWAYS_SEARCH_USER_PATHS = NO;
				ASSETCATALOG_COMPILER_GENERATE_SWIFT_ASSET_SYMBOL_EXTENSIONS = YES;
				CLANG_ANALYZER_NONNULL = YES;
				CLANG_ANALYZER_NUMBER_OBJECT_CONVERSION = YES_AGGRESSIVE;
				CLANG_CXX_LANGUAGE_STANDARD = "gnu++20";
				CLANG_ENABLE_MODULES = YES;
				CLANG_ENABLE_OBJC_ARC = YES;
				CLANG_ENABLE_OBJC_WEAK = YES;
				CLANG_WARN_BLOCK_CAPTURE_AUTORELEASING = YES;
				CLANG_WARN_BOOL_CONVERSION = YES;
				CLANG_WARN_COMMA = YES;
				CLANG_WARN_CONSTANT_CONVERSION = YES;
				CLANG_WARN_DEPRECATED_OBJC_IMPLEMENTATIONS = YES;
				CLANG_WARN_DIRECT_OBJC_ISA_USAGE = YES_ERROR;
				CLANG_WARN_DOCUMENTATION_COMMENTS = YES;
				CLANG_WARN_EMPTY_BODY = YES;
				CLANG_WARN_ENUM_CONVERSION = YES;
				CLANG_WARN_INFINITE_RECURSION = YES;
				CLANG_WARN_INT_CONVERSION = YES;
				CLANG_WARN_NON_LITERAL_NULL_CONVERSION = YES;
				CLANG_WARN_OBJC_IMPLICIT_RETAIN_SELF = YES;
				CLANG_WARN_OBJC_LITERAL_CONVERSION = YES;
				CLANG_WARN_OBJC_ROOT_CLASS = YES_ERROR;
				CLANG_WARN_QUOTED_INCLUDE_IN_FRAMEWORK_HEADER = YES;
				CLANG_WARN_RANGE_LOOP_ANALYSIS = YES;
				CLANG_WARN_STRICT_PROTOTYPES = YES;
				CLANG_WARN_SUSPICIOUS_MOVE = YES;
				CLANG_WARN_UNGUARDED_AVAILABILITY = YES_AGGRESSIVE;
				CLANG_WARN_UNREACHABLE_CODE = YES;
				CLANG_WARN__DUPLICATE_METHOD_MATCH = YES;
				COPY_PHASE_STRIP = NO;
				DEBUG_INFORMATION_FORMAT = dwarf;
				DEVELOPMENT_TEAM = 9U57776ZH3;
				ENABLE_STRICT_OBJC_MSGSEND = YES;
				ENABLE_TESTABILITY = YES;
				ENABLE_USER_SCRIPT_SANDBOXING = YES;
				GCC_C_LANGUAGE_STANDARD = gnu17;
				GCC_DYNAMIC_NO_PIC = NO;
				GCC_NO_COMMON_BLOCKS = YES;
				GCC_OPTIMIZATION_LEVEL = 0;
				GCC_PREPROCESSOR_DEFINITIONS = (
					"DEBUG=1",
					"$(inherited)",
				);
				GCC_WARN_64_TO_32_BIT_CONVERSION = YES;
				GCC_WARN_ABOUT_RETURN_TYPE = YES_ERROR;
				GCC_WARN_UNDECLARED_SELECTOR = YES;
				GCC_WARN_UNINITIALIZED_AUTOS = YES_AGGRESSIVE;
				GCC_WARN_UNUSED_FUNCTION = YES;
				GCC_WARN_UNUSED_VARIABLE = YES;
				LOCALIZATION_PREFERS_STRING_CATALOGS = YES;
				MACOSX_DEPLOYMENT_TARGET = 15.5;
				MTL_ENABLE_DEBUG_INFO = INCLUDE_SOURCE;
				MTL_FAST_MATH = YES;
				ONLY_ACTIVE_ARCH = YES;
				SDKROOT = macosx;
				SWIFT_ACTIVE_COMPILATION_CONDITIONS = "DEBUG $(inherited)";
				SWIFT_OPTIMIZATION_LEVEL = "-Onone";
			};
			name = Debug;
		};
		69B026D02E406D3700B2DCB9 /* Release */ = {
			isa = XCBuildConfiguration;
			buildSettings = {
				ALWAYS_SEARCH_USER_PATHS = NO;
				ASSETCATALOG_COMPILER_GENERATE_SWIFT_ASSET_SYMBOL_EXTENSIONS = YES;
				CLANG_ANALYZER_NONNULL = YES;
				CLANG_ANALYZER_NUMBER_OBJECT_CONVERSION = YES_AGGRESSIVE;
				CLANG_CXX_LANGUAGE_STANDARD = "gnu++20";
				CLANG_ENABLE_MODULES = YES;
				CLANG_ENABLE_OBJC_ARC = YES;
				CLANG_ENABLE_OBJC_WEAK = YES;
				CLANG_WARN_BLOCK_CAPTURE_AUTORELEASING = YES;
				CLANG_WARN_BOOL_CONVERSION = YES;
				CLANG_WARN_COMMA = YES;
				CLANG_WARN_CONSTANT_CONVERSION = YES;
				CLANG_WARN_DEPRECATED_OBJC_IMPLEMENTATIONS = YES;
				CLANG_WARN_DIRECT_OBJC_ISA_USAGE = YES_ERROR;
				CLANG_WARN_DOCUMENTATION_COMMENTS = YES;
				CLANG_WARN_EMPTY_BODY = YES;
				CLANG_WARN_ENUM_CONVERSION = YES;
				CLANG_WARN_INFINITE_RECURSION = YES;
				CLANG_WARN_INT_CONVERSION = YES;
				CLANG_WARN_NON_LITERAL_NULL_CONVERSION = YES;
				CLANG_WARN_OBJC_IMPLICIT_RETAIN_SELF = YES;
				CLANG_WARN_OBJC_LITERAL_CONVERSION = YES;
				CLANG_WARN_OBJC_ROOT_CLASS = YES_ERROR;
				CLANG_WARN_QUOTED_INCLUDE_IN_FRAMEWORK_HEADER = YES;
				CLANG_WARN_RANGE_LOOP_ANALYSIS = YES;
				CLANG_WARN_STRICT_PROTOTYPES = YES;
				CLANG_WARN_SUSPICIOUS_MOVE = YES;
				CLANG_WARN_UNGUARDED_AVAILABILITY = YES_AGGRESSIVE;
				CLANG_WARN_UNREACHABLE_CODE = YES;
				CLANG_WARN__DUPLICATE_METHOD_MATCH = YES;
				COPY_PHASE_STRIP = NO;
				DEBUG_INFORMATION_FORMAT = "dwarf-with-dsym";
				DEVELOPMENT_TEAM = 9U57776ZH3;
				ENABLE_NS_ASSERTIONS = NO;
				ENABLE_STRICT_OBJC_MSGSEND = YES;
				ENABLE_USER_SCRIPT_SANDBOXING = YES;
				GCC_C_LANGUAGE_STANDARD = gnu17;
				GCC_NO_COMMON_BLOCKS = YES;
				GCC_WARN_64_TO_32_BIT_CONVERSION = YES;
				GCC_WARN_ABOUT_RETURN_TYPE = YES_ERROR;
				GCC_WARN_UNDECLARED_SELECTOR = YES;
				GCC_WARN_UNINITIALIZED_AUTOS = YES_AGGRESSIVE;
				GCC_WARN_UNUSED_FUNCTION = YES;
				GCC_WARN_UNUSED_VARIABLE = YES;
				LOCALIZATION_PREFERS_STRING_CATALOGS = YES;
				MACOSX_DEPLOYMENT_TARGET = 15.5;
				MTL_ENABLE_DEBUG_INFO = NO;
				MTL_FAST_MATH = YES;
				SDKROOT = macosx;
				SWIFT_COMPILATION_MODE = wholemodule;
			};
			name = Release;
		};
		69BE38A22E4342A9000692EA /* Debug */ = {
			isa = XCBuildConfiguration;
			buildSettings = {
				ASSETCATALOG_COMPILER_APPICON_NAME = AppIcon;
				ASSETCATALOG_COMPILER_GLOBAL_ACCENT_COLOR_NAME = AccentColor;
				ASSETCATALOG_COMPILER_INCLUDE_ALL_APPICON_ASSETS = YES;
				CODE_SIGN_ENTITLEMENTS = app.entitlements;
				CODE_SIGN_STYLE = Automatic;
				COMBINE_HIDPI_IMAGES = YES;
				CURRENT_PROJECT_VERSION = 1;
				DEVELOPMENT_TEAM = 9U57776ZH3;
				ENABLE_HARDENED_RUNTIME = YES;
				ENABLE_PREVIEWS = YES;
				ENABLE_USER_SCRIPT_SANDBOXING = NO;
				FRAMEWORK_SEARCH_PATHS = "$(inherited)";
				GENERATE_INFOPLIST_FILE = YES;
				HEADER_SEARCH_PATHS = "$(inherited)";
				INFOPLIST_KEY_CFBundleDisplayName = PolarityLab;
				INFOPLIST_KEY_LSApplicationCategoryType = "public.app-category.utilities";
				INFOPLIST_KEY_NSHumanReadableCopyright = WetSadTearStudios;
				LD_RUNPATH_SEARCH_PATHS = (
					"$(inherited)",
					"@executable_path/../Frameworks",
				);
				LIBRARY_SEARCH_PATHS = "$(inherited)/**";
				MARKETING_VERSION = 1.0;
				PRODUCT_BUNDLE_IDENTIFIER = wetsadtearstudios.PolarityLab;
				PRODUCT_NAME = "$(TARGET_NAME)";
				REGISTER_APP_GROUPS = YES;
				SWIFT_EMIT_LOC_STRINGS = YES;
				SWIFT_VERSION = 5.0;
			};
			name = Debug;
		};
		69BE38A32E4342A9000692EA /* Release */ = {
			isa = XCBuildConfiguration;
			buildSettings = {
				ASSETCATALOG_COMPILER_APPICON_NAME = AppIcon;
				ASSETCATALOG_COMPILER_GLOBAL_ACCENT_COLOR_NAME = AccentColor;
				ASSETCATALOG_COMPILER_INCLUDE_ALL_APPICON_ASSETS = YES;
				CODE_SIGN_ENTITLEMENTS = app.entitlements;
				CODE_SIGN_STYLE = Automatic;
				COMBINE_HIDPI_IMAGES = YES;
				CURRENT_PROJECT_VERSION = 1;
				DEVELOPMENT_TEAM = 9U57776ZH3;
				ENABLE_HARDENED_RUNTIME = YES;
				ENABLE_PREVIEWS = YES;
				ENABLE_USER_SCRIPT_SANDBOXING = NO;
				FRAMEWORK_SEARCH_PATHS = "$(inherited)";
				GENERATE_INFOPLIST_FILE = YES;
				HEADER_SEARCH_PATHS = "$(inherited)";
				INFOPLIST_KEY_CFBundleDisplayName = PolarityLab;
				INFOPLIST_KEY_LSApplicationCategoryType = "public.app-category.utilities";
				INFOPLIST_KEY_NSHumanReadableCopyright = WetSadTearStudios;
				LD_RUNPATH_SEARCH_PATHS = (
					"$(inherited)",
					"@executable_path/../Frameworks",
				);
				LIBRARY_SEARCH_PATHS = "$(inherited)/**";
				MARKETING_VERSION = 1.0;
				PRODUCT_BUNDLE_IDENTIFIER = wetsadtearstudios.PolarityLab;
				PRODUCT_NAME = "$(TARGET_NAME)";
				REGISTER_APP_GROUPS = YES;
				SWIFT_EMIT_LOC_STRINGS = YES;
				SWIFT_VERSION = 5.0;
			};
			name = Release;
		};
/* End XCBuildConfiguration section */

/* Begin XCConfigurationList section */
		69B026AA2E406D2800B2DCB9 /* Build configuration list for PBXProject "PolarityLab" */ = {
			isa = XCConfigurationList;
			buildConfigurations = (
				69B026CF2E406D3700B2DCB9 /* Debug */,
				69B026D02E406D3700B2DCB9 /* Release */,
			);
			defaultConfigurationIsVisible = 0;
			defaultConfigurationName = Release;
		};
		69BE38A12E4342A9000692EA /* Build configuration list for PBXNativeTarget "PolarityLab" */ = {
			isa = XCConfigurationList;
			buildConfigurations = (
				69BE38A22E4342A9000692EA /* Debug */,
				69BE38A32E4342A9000692EA /* Release */,
			);
			defaultConfigurationIsVisible = 0;
			defaultConfigurationName = Release;
		};
/* End XCConfigurationList section */

/* Begin XCRemoteSwiftPackageReference section */
		693B71B52E432C3800AEC674 /* XCRemoteSwiftPackageReference "PythonKit" */ = {
			isa = XCRemoteSwiftPackageReference;
			repositoryURL = "https://github.com/pvieito/PythonKit.git";
			requirement = {
				branch = master;
				kind = branch;
			};
		};
/* End XCRemoteSwiftPackageReference section */

/* Begin XCSwiftPackageProductDependency section */
		69BE493E2E43439C000692EA /* PythonKit */ = {
			isa = XCSwiftPackageProductDependency;
			package = 693B71B52E432C3800AEC674 /* XCRemoteSwiftPackageReference "PythonKit" */;
			productName = PythonKit;
		};
/* End XCSwiftPackageProductDependency section */
	};
	rootObject = 69B026A72E406D2800B2DCB9 /* Project object */;
}
